
Microsoft Visual Studio Solution File, Format Version 12.00
# Visual Studio Version 17
VisualStudioVersion = 17.10.35122.118
MinimumVisualStudioVersion = 10.0.40219.1
Project("{FAE04EC0-301F-11D3-BF4B-00C04F79EFBC}") = "NugetPublisher", "NugetPublisher\NugetPublisher.csproj", "{60760B58-EE3D-4993-B274-2F252C5B024F}"
EndProject
Global
	GlobalSection(SolutionConfigurationPlatforms) = preSolution
		Debug|Any CPU = Debug|Any CPU
		Release|Any CPU = Release|Any CPU
	EndGlobalSection
	GlobalSection(ProjectConfigurationPlatforms) = postSolution
		{60760B58-EE3D-4993-B274-2F252C5B024F}.Debug|Any CPU.ActiveCfg = Debug|Any CPU
		{60760B58-EE3D-4993-B274-2F252C5B024F}.Debug|Any CPU.Build.0 = Debug|Any CPU
		{60760B58-EE3D-4993-B274-2F252C5B024F}.Release|Any CPU.ActiveCfg = Release|Any CPU
		{60760B58-EE3D-4993-B274-2F252C5B024F}.Release|Any CPU.Build.0 = Release|Any CPU
	EndGlobalSection
	GlobalSection(SolutionProperties) = preSolution
		HideSolutionNode = FALSE
	EndGlobalSection
	GlobalSection(ExtensibilityGlobals) = postSolution
		SolutionGuid = {396F1727-867E-4F0E-97C5-8C9B7980517D}
	EndGlobalSection
EndGlobal
